
Microsoft Visual Studio Solution File, Format Version 12.00
# Visual Studio Version 17
VisualStudioVersion = 17.3.32825.248
MinimumVisualStudioVersion = 10.0.40219.1
Project("{9A19103F-16F7-4668-BE54-9A1E7A4F7556}") = "ClassLibraryL3", "ClassLibrary\ClassLibraryL3.csproj", "{F195B4A6-649F-4014-AC49-26E89250F731}"
EndProject
Project("{9A19103F-16F7-4668-BE54-9A1E7A4F7556}") = "Labb3ConsoleApp", "Labb3ConsoleApp\Labb3ConsoleApp.csproj", "{C5C174C2-57E3-48DB-9820-3F5DEB39E5C8}"
EndProject
Project("{9A19103F-16F7-4668-BE54-9A1E7A4F7556}") = "Labb3WinformsApp", "Labb3WinformsApp\Labb3WinformsApp.csproj", "{D175F1C8-CAFB-47D5-96E2-F90C8FDE7C24}"
EndProject
Global
	GlobalSection(SolutionConfigurationPlatforms) = preSolution
		Debug|Any CPU = Debug|Any CPU
		Release|Any CPU = Release|Any CPU
	EndGlobalSection
	GlobalSection(ProjectConfigurationPlatforms) = postSolution
		{F195B4A6-649F-4014-AC49-26E89250F731}.Debug|Any CPU.ActiveCfg = Debug|Any CPU
		{F195B4A6-649F-4014-AC49-26E89250F731}.Debug|Any CPU.Build.0 = Debug|Any CPU
		{F195B4A6-649F-4014-AC49-26E89250F731}.Release|Any CPU.ActiveCfg = Release|Any CPU
		{F195B4A6-649F-4014-AC49-26E89250F731}.Release|Any CPU.Build.0 = Release|Any CPU
		{C5C174C2-57E3-48DB-9820-3F5DEB39E5C8}.Debug|Any CPU.ActiveCfg = Debug|Any CPU
		{C5C174C2-57E3-48DB-9820-3F5DEB39E5C8}.Debug|Any CPU.Build.0 = Debug|Any CPU
		{C5C174C2-57E3-48DB-9820-3F5DEB39E5C8}.Release|Any CPU.ActiveCfg = Release|Any CPU
		{C5C174C2-57E3-48DB-9820-3F5DEB39E5C8}.Release|Any CPU.Build.0 = Release|Any CPU
		{D175F1C8-CAFB-47D5-96E2-F90C8FDE7C24}.Debug|Any CPU.ActiveCfg = Debug|Any CPU
		{D175F1C8-CAFB-47D5-96E2-F90C8FDE7C24}.Debug|Any CPU.Build.0 = Debug|Any CPU
		{D175F1C8-CAFB-47D5-96E2-F90C8FDE7C24}.Release|Any CPU.ActiveCfg = Release|Any CPU
		{D175F1C8-CAFB-47D5-96E2-F90C8FDE7C24}.Release|Any CPU.Build.0 = Release|Any CPU
	EndGlobalSection
	GlobalSection(SolutionProperties) = preSolution
		HideSolutionNode = FALSE
	EndGlobalSection
	GlobalSection(ExtensibilityGlobals) = postSolution
		SolutionGuid = {F5590DBC-A6AE-4FE2-BC66-417E22C4AA4D}
	EndGlobalSection
EndGlobal
